
Microsoft Visual Studio Solution File, Format Version 12.00
# Visual Studio 2017
Project("{FAE04EC0-301F-11D3-BF4B-00C04F79EFBC}") = "Wave.Plugins", "Wave.Plugins.csproj", "{53866F05-F55D-1B02-C56D-1E7AD48C68F0}"
EndProject
Project("{FAE04EC0-301F-11D3-BF4B-00C04F79EFBC}") = "Wave", "Wave.csproj", "{DEFC72DC-2413-BEF5-FAC9-EB9450AB30FD}"
EndProject
Project("{FAE04EC0-301F-11D3-BF4B-00C04F79EFBC}") = "Wave.Editor.Plugins", "Wave.Editor.Plugins.csproj", "{B1F794D3-ED74-5C3F-9C88-6CFF2112D89B}"
EndProject
Global
	GlobalSection(SolutionConfigurationPlatforms) = preSolution
		Debug|Any CPU = Debug|Any CPU
		Release|Any CPU = Release|Any CPU
	EndGlobalSection
	GlobalSection(ProjectConfigurationPlatforms) = postSolution
		{53866F05-F55D-1B02-C56D-1E7AD48C68F0}.Debug|Any CPU.ActiveCfg = Debug|Any CPU
		{53866F05-F55D-1B02-C56D-1E7AD48C68F0}.Debug|Any CPU.Build.0 = Debug|Any CPU
		{53866F05-F55D-1B02-C56D-1E7AD48C68F0}.Release|Any CPU.ActiveCfg = Release|Any CPU
		{53866F05-F55D-1B02-C56D-1E7AD48C68F0}.Release|Any CPU.Build.0 = Release|Any CPU
		{DEFC72DC-2413-BEF5-FAC9-EB9450AB30FD}.Debug|Any CPU.ActiveCfg = Debug|Any CPU
		{DEFC72DC-2413-BEF5-FAC9-EB9450AB30FD}.Debug|Any CPU.Build.0 = Debug|Any CPU
		{DEFC72DC-2413-BEF5-FAC9-EB9450AB30FD}.Release|Any CPU.ActiveCfg = Release|Any CPU
		{DEFC72DC-2413-BEF5-FAC9-EB9450AB30FD}.Release|Any CPU.Build.0 = Release|Any CPU
		{B1F794D3-ED74-5C3F-9C88-6CFF2112D89B}.Debug|Any CPU.ActiveCfg = Debug|Any CPU
		{B1F794D3-ED74-5C3F-9C88-6CFF2112D89B}.Debug|Any CPU.Build.0 = Debug|Any CPU
		{B1F794D3-ED74-5C3F-9C88-6CFF2112D89B}.Release|Any CPU.ActiveCfg = Release|Any CPU
		{B1F794D3-ED74-5C3F-9C88-6CFF2112D89B}.Release|Any CPU.Build.0 = Release|Any CPU
	EndGlobalSection
	GlobalSection(SolutionProperties) = preSolution
		HideSolutionNode = FALSE
	EndGlobalSection
EndGlobal
